
Microsoft Visual Studio Solution File, Format Version 11.00
# Visual Studio 2010
Project("{FAE04EC0-301F-11D3-BF4B-00C04F79EFBC}") = "DiceWars", "Assembly-CSharp.csproj", "{3FC30BBF-3564-0829-731A-7D59F6F84EA2}"
EndProject
Project("{FAE04EC0-301F-11D3-BF4B-00C04F79EFBC}") = "DiceWars", "Assembly-CSharp-Editor.csproj", "{A3656BBA-A9AA-2514-61FE-057A315F5FA2}"
EndProject
Global
	GlobalSection(SolutionConfigurationPlatforms) = preSolution
		Debug|Any CPU = Debug|Any CPU
		Release|Any CPU = Release|Any CPU
	EndGlobalSection
	GlobalSection(ProjectConfigurationPlatforms) = postSolution
		{3FC30BBF-3564-0829-731A-7D59F6F84EA2}.Debug|Any CPU.ActiveCfg = Debug|Any CPU
		{3FC30BBF-3564-0829-731A-7D59F6F84EA2}.Debug|Any CPU.Build.0 = Debug|Any CPU
		{3FC30BBF-3564-0829-731A-7D59F6F84EA2}.Release|Any CPU.ActiveCfg = Release|Any CPU
		{3FC30BBF-3564-0829-731A-7D59F6F84EA2}.Release|Any CPU.Build.0 = Release|Any CPU
		{A3656BBA-A9AA-2514-61FE-057A315F5FA2}.Debug|Any CPU.ActiveCfg = Debug|Any CPU
		{A3656BBA-A9AA-2514-61FE-057A315F5FA2}.Debug|Any CPU.Build.0 = Debug|Any CPU
		{A3656BBA-A9AA-2514-61FE-057A315F5FA2}.Release|Any CPU.ActiveCfg = Release|Any CPU
		{A3656BBA-A9AA-2514-61FE-057A315F5FA2}.Release|Any CPU.Build.0 = Release|Any CPU
	EndGlobalSection
	GlobalSection(SolutionProperties) = preSolution
		HideSolutionNode = FALSE
	EndGlobalSection
	GlobalSection(MonoDevelopProperties) = preSolution
		StartupItem = Assembly-CSharp.csproj
	EndGlobalSection
EndGlobal
