
Microsoft Visual Studio Solution File, Format Version 11.00
# Visual Studio 2010
Project("{FAE04EC0-301F-11D3-BF4B-00C04F79EFBC}") = "Assembly-CSharp", "Assembly-CSharp.csproj", "{299A61BB-0F53-D3B1-AC89-CC1C2D1AF4FA}"
EndProject
Project("{FAE04EC0-301F-11D3-BF4B-00C04F79EFBC}") = "Assembly-CSharp-Editor", "Assembly-CSharp-Editor.csproj", "{5FA87E33-F985-EF32-8E69-E7EE357CD73B}"
EndProject
Global
	GlobalSection(SolutionConfigurationPlatforms) = preSolution
		Debug|Any CPU = Debug|Any CPU
		Release|Any CPU = Release|Any CPU
	EndGlobalSection
	GlobalSection(ProjectConfigurationPlatforms) = postSolution
		{299A61BB-0F53-D3B1-AC89-CC1C2D1AF4FA}.Debug|Any CPU.ActiveCfg = Debug|Any CPU
		{299A61BB-0F53-D3B1-AC89-CC1C2D1AF4FA}.Debug|Any CPU.Build.0 = Debug|Any CPU
		{299A61BB-0F53-D3B1-AC89-CC1C2D1AF4FA}.Release|Any CPU.ActiveCfg = Release|Any CPU
		{299A61BB-0F53-D3B1-AC89-CC1C2D1AF4FA}.Release|Any CPU.Build.0 = Release|Any CPU
		{5FA87E33-F985-EF32-8E69-E7EE357CD73B}.Debug|Any CPU.ActiveCfg = Debug|Any CPU
		{5FA87E33-F985-EF32-8E69-E7EE357CD73B}.Debug|Any CPU.Build.0 = Debug|Any CPU
		{5FA87E33-F985-EF32-8E69-E7EE357CD73B}.Release|Any CPU.ActiveCfg = Release|Any CPU
		{5FA87E33-F985-EF32-8E69-E7EE357CD73B}.Release|Any CPU.Build.0 = Release|Any CPU
	EndGlobalSection
	GlobalSection(SolutionProperties) = preSolution
		HideSolutionNode = FALSE
	EndGlobalSection
EndGlobal
